
Microsoft Visual Studio Solution File, Format Version 12.00
# Visual Studio Version 17
VisualStudioVersion = 17.3.32929.385
MinimumVisualStudioVersion = 10.0.40219.1
Project("{FAE04EC0-301F-11D3-BF4B-00C04F79EFBC}") = "Calculator WPF", "Calculator WPF\Calculator WPF.csproj", "{C93515D8-9FAD-440D-9733-8DB446CFA699}"
EndProject
Global
	GlobalSection(SolutionConfigurationPlatforms) = preSolution
		Debug|Any CPU = Debug|Any CPU
		Release|Any CPU = Release|Any CPU
	EndGlobalSection
	GlobalSection(ProjectConfigurationPlatforms) = postSolution
		{C93515D8-9FAD-440D-9733-8DB446CFA699}.Debug|Any CPU.ActiveCfg = Debug|Any CPU
		{C93515D8-9FAD-440D-9733-8DB446CFA699}.Debug|Any CPU.Build.0 = Debug|Any CPU
		{C93515D8-9FAD-440D-9733-8DB446CFA699}.Release|Any CPU.ActiveCfg = Release|Any CPU
		{C93515D8-9FAD-440D-9733-8DB446CFA699}.Release|Any CPU.Build.0 = Release|Any CPU
	EndGlobalSection
	GlobalSection(SolutionProperties) = preSolution
		HideSolutionNode = FALSE
	EndGlobalSection
	GlobalSection(ExtensibilityGlobals) = postSolution
		SolutionGuid = {9DF0C85F-48E0-4167-8541-F4043201DF7B}
	EndGlobalSection
EndGlobal
